
Microsoft Visual Studio Solution File, Format Version 12.00
# Visual Studio Version 16
VisualStudioVersion = 16.0.31410.357
MinimumVisualStudioVersion = 10.0.40219.1
Project("{9A19103F-16F7-4668-BE54-9A1E7A4F7556}") = "TileDB.Cloud", "TileDB.Cloud.csproj", "{A647C669-8337-4E1C-9D38-3FFC756F58B7}"
EndProject
Global
	GlobalSection(SolutionConfigurationPlatforms) = preSolution
		Debug|Any CPU = Debug|Any CPU
		Release|Any CPU = Release|Any CPU
	EndGlobalSection
	GlobalSection(ProjectConfigurationPlatforms) = postSolution
		{A647C669-8337-4E1C-9D38-3FFC756F58B7}.Debug|Any CPU.ActiveCfg = Debug|Any CPU
		{A647C669-8337-4E1C-9D38-3FFC756F58B7}.Debug|Any CPU.Build.0 = Debug|Any CPU
		{A647C669-8337-4E1C-9D38-3FFC756F58B7}.Release|Any CPU.ActiveCfg = Release|Any CPU
		{A647C669-8337-4E1C-9D38-3FFC756F58B7}.Release|Any CPU.Build.0 = Release|Any CPU
	EndGlobalSection
	GlobalSection(SolutionProperties) = preSolution
		HideSolutionNode = FALSE
	EndGlobalSection
	GlobalSection(ExtensibilityGlobals) = postSolution
		SolutionGuid = {8F280E9D-0FEF-4AAB-86A1-46403EDB6C39}
	EndGlobalSection
EndGlobal
