
Microsoft Visual Studio Solution File, Format Version 12.00
# Visual Studio Version 16
VisualStudioVersion = 16.0.30114.105
MinimumVisualStudioVersion = 10.0.40219.1
Project("{FAE04EC0-301F-11D3-BF4B-00C04F79EFBC}") = "ArrayShareExample", "ArrayShareExample.csproj", "{2C4DA93D-5056-44AF-9956-DDFECDE192EB}"
EndProject
Global
	GlobalSection(SolutionConfigurationPlatforms) = preSolution
		Debug|Any CPU = Debug|Any CPU
		Release|Any CPU = Release|Any CPU
	EndGlobalSection
	GlobalSection(SolutionProperties) = preSolution
		HideSolutionNode = FALSE
	EndGlobalSection
	GlobalSection(ProjectConfigurationPlatforms) = postSolution
		{2C4DA93D-5056-44AF-9956-DDFECDE192EB}.Debug|Any CPU.ActiveCfg = Debug|Any CPU
		{2C4DA93D-5056-44AF-9956-DDFECDE192EB}.Debug|Any CPU.Build.0 = Debug|Any CPU
		{2C4DA93D-5056-44AF-9956-DDFECDE192EB}.Release|Any CPU.ActiveCfg = Release|Any CPU
		{2C4DA93D-5056-44AF-9956-DDFECDE192EB}.Release|Any CPU.Build.0 = Release|Any CPU
	EndGlobalSection
EndGlobal
